
Microsoft Visual Studio Solution File, Format Version 12.00
# Visual Studio Version 17
VisualStudioVersion = 17.0.31903.59
MinimumVisualStudioVersion = 10.0.40219.1
Project("{FAE04EC0-301F-11D3-BF4B-00C04F79EFBC}") = "API", "API\API.csproj", "{6AC7C73A-6428-4873-B9EE-D29E5E749245}"
EndProject
Project("{FAE04EC0-301F-11D3-BF4B-00C04F79EFBC}") = "Core", "Core\Core.csproj", "{ED6A1260-9B83-4C7F-B02A-644B95C5051D}"
EndProject
Project("{FAE04EC0-301F-11D3-BF4B-00C04F79EFBC}") = "Infrastructure", "Infrastructure\Infrastructure.csproj", "{19516C49-4D38-4A9D-8AE5-69E4C84D68F4}"
EndProject
Global
	GlobalSection(SolutionConfigurationPlatforms) = preSolution
		Debug|Any CPU = Debug|Any CPU
		Release|Any CPU = Release|Any CPU
	EndGlobalSection
	GlobalSection(SolutionProperties) = preSolution
		HideSolutionNode = FALSE
	EndGlobalSection
	GlobalSection(ProjectConfigurationPlatforms) = postSolution
		{6AC7C73A-6428-4873-B9EE-D29E5E749245}.Debug|Any CPU.ActiveCfg = Debug|Any CPU
		{6AC7C73A-6428-4873-B9EE-D29E5E749245}.Debug|Any CPU.Build.0 = Debug|Any CPU
		{6AC7C73A-6428-4873-B9EE-D29E5E749245}.Release|Any CPU.ActiveCfg = Release|Any CPU
		{6AC7C73A-6428-4873-B9EE-D29E5E749245}.Release|Any CPU.Build.0 = Release|Any CPU
		{ED6A1260-9B83-4C7F-B02A-644B95C5051D}.Debug|Any CPU.ActiveCfg = Debug|Any CPU
		{ED6A1260-9B83-4C7F-B02A-644B95C5051D}.Debug|Any CPU.Build.0 = Debug|Any CPU
		{ED6A1260-9B83-4C7F-B02A-644B95C5051D}.Release|Any CPU.ActiveCfg = Release|Any CPU
		{ED6A1260-9B83-4C7F-B02A-644B95C5051D}.Release|Any CPU.Build.0 = Release|Any CPU
		{19516C49-4D38-4A9D-8AE5-69E4C84D68F4}.Debug|Any CPU.ActiveCfg = Debug|Any CPU
		{19516C49-4D38-4A9D-8AE5-69E4C84D68F4}.Debug|Any CPU.Build.0 = Debug|Any CPU
		{19516C49-4D38-4A9D-8AE5-69E4C84D68F4}.Release|Any CPU.ActiveCfg = Release|Any CPU
		{19516C49-4D38-4A9D-8AE5-69E4C84D68F4}.Release|Any CPU.Build.0 = Release|Any CPU
	EndGlobalSection
EndGlobal
